
Microsoft Visual Studio Solution File, Format Version 12.00
# Visual Studio Version 17
VisualStudioVersion = 17.5.33516.290
MinimumVisualStudioVersion = 10.0.40219.1
Project("{9A19103F-16F7-4668-BE54-9A1E7A4F7556}") = "CatApp", "CatApp\CatApp.csproj", "{29D2FCBC-4CE0-45A0-9FBF-ABBC789241EE}"
EndProject
Global
	GlobalSection(SolutionConfigurationPlatforms) = preSolution
		Debug|Any CPU = Debug|Any CPU
		Release|Any CPU = Release|Any CPU
	EndGlobalSection
	GlobalSection(ProjectConfigurationPlatforms) = postSolution
		{29D2FCBC-4CE0-45A0-9FBF-ABBC789241EE}.Debug|Any CPU.ActiveCfg = Debug|Any CPU
		{29D2FCBC-4CE0-45A0-9FBF-ABBC789241EE}.Debug|Any CPU.Build.0 = Debug|Any CPU
		{29D2FCBC-4CE0-45A0-9FBF-ABBC789241EE}.Release|Any CPU.ActiveCfg = Release|Any CPU
		{29D2FCBC-4CE0-45A0-9FBF-ABBC789241EE}.Release|Any CPU.Build.0 = Release|Any CPU
	EndGlobalSection
	GlobalSection(SolutionProperties) = preSolution
		HideSolutionNode = FALSE
	EndGlobalSection
	GlobalSection(ExtensibilityGlobals) = postSolution
		SolutionGuid = {11621B15-3143-4BD1-AA44-AAA7843852F6}
	EndGlobalSection
EndGlobal
